
Microsoft Visual Studio Solution File, Format Version 12.00
# Visual Studio Version 17
VisualStudioVersion = 17.0.32112.339
MinimumVisualStudioVersion = 10.0.40219.1
Project("{FAE04EC0-301F-11D3-BF4B-00C04F79EFBC}") = "InmoTools", "InmoTools.csproj", "{5F282818-DA7B-4C4B-A81D-C9D035DCA33D}"
EndProject
Global
	GlobalSection(SolutionConfigurationPlatforms) = preSolution
		Debug|Any CPU = Debug|Any CPU
		Release|Any CPU = Release|Any CPU
	EndGlobalSection
	GlobalSection(ProjectConfigurationPlatforms) = postSolution
		{5F282818-DA7B-4C4B-A81D-C9D035DCA33D}.Debug|Any CPU.ActiveCfg = Debug|Any CPU
		{5F282818-DA7B-4C4B-A81D-C9D035DCA33D}.Debug|Any CPU.Build.0 = Debug|Any CPU
		{5F282818-DA7B-4C4B-A81D-C9D035DCA33D}.Release|Any CPU.ActiveCfg = Release|Any CPU
		{5F282818-DA7B-4C4B-A81D-C9D035DCA33D}.Release|Any CPU.Build.0 = Release|Any CPU
	EndGlobalSection
	GlobalSection(SolutionProperties) = preSolution
		HideSolutionNode = FALSE
	EndGlobalSection
	GlobalSection(ExtensibilityGlobals) = postSolution
		SolutionGuid = {72EB0B94-9BBE-4EE7-9930-E2B91E528221}
	EndGlobalSection
EndGlobal
